// !$*UTF8*$!
{
	archiveVersion = 1;
	classes = {
	};
	objectVersion = 50;
	objects = {

/* Begin PBXBuildFile section */
		4568E17C1E53F1B6F5F5FC07 /* Pods_InteractionDetector.framework in Frameworks */ = {isa = PBXBuildFile; fileRef = 80A562F67B011C0843F56E73 /* Pods_InteractionDetector.framework */; };
		8E3C552A214181BE00554266 /* AppDelegate.swift in Sources */ = {isa = PBXBuildFile; fileRef = 8E3C5529214181BE00554266 /* AppDelegate.swift */; };
		8E3C552C214181BE00554266 /* ViewController.swift in Sources */ = {isa = PBXBuildFile; fileRef = 8E3C552B214181BE00554266 /* ViewController.swift */; };
		8E3C552F214181BE00554266 /* Main.storyboard in Resources */ = {isa = PBXBuildFile; fileRef = 8E3C552D214181BE00554266 /* Main.storyboard */; };
		8E3C5531214181C700554266 /* Assets.xcassets in Resources */ = {isa = PBXBuildFile; fileRef = 8E3C5530214181C700554266 /* Assets.xcassets */; };
		8E3C5534214181C700554266 /* LaunchScreen.storyboard in Resources */ = {isa = PBXBuildFile; fileRef = 8E3C5532214181C700554266 /* LaunchScreen.storyboard */; };
/* End PBXBuildFile section */

/* Begin PBXFileReference section */
		20D010E7C4A816D830A2CA2C /* Pods-InteractionDetector.release.xcconfig */ = {isa = PBXFileReference; includeInIndex = 1; lastKnownFileType = text.xcconfig; name = "Pods-InteractionDetector.release.xcconfig"; path = "Pods/Target Support Files/Pods-InteractionDetector/Pods-InteractionDetector.release.xcconfig"; sourceTree = "<group>"; };
		80A562F67B011C0843F56E73 /* Pods_InteractionDetector.framework */ = {isa = PBXFileReference; explicitFileType = wrapper.framework; includeInIndex = 0; path = Pods_InteractionDetector.framework; sourceTree = BUILT_PRODUCTS_DIR; };
		8E3C5526214181BE00554266 /* InteractionDetector.app */ = {isa = PBXFileReference; explicitFileType = wrapper.application; includeInIndex = 0; path = InteractionDetector.app; sourceTree = BUILT_PRODUCTS_DIR; };
		8E3C5529214181BE00554266 /* AppDelegate.swift */ = {isa = PBXFileReference; lastKnownFileType = sourcecode.swift; path = AppDelegate.swift; sourceTree = "<group>"; };
		8E3C552B214181BE00554266 /* ViewController.swift */ = {isa = PBXFileReference; lastKnownFileType = sourcecode.swift; path = ViewController.swift; sourceTree = "<group>"; };
		8E3C552E214181BE00554266 /* Base */ = {isa = PBXFileReference; lastKnownFileType = file.storyboard; name = Base; path = Base.lproj/Main.storyboard; sourceTree = "<group>"; };
		8E3C5530214181C700554266 /* Assets.xcassets */ = {isa = PBXFileReference; lastKnownFileType = folder.assetcatalog; path = Assets.xcassets; sourceTree = "<group>"; };
		8E3C5533214181C700554266 /* Base */ = {isa = PBXFileReference; lastKnownFileType = file.storyboard; name = Base; path = Base.lproj/LaunchScreen.storyboard; sourceTree = "<group>"; };
		8E3C5535214181C700554266 /* Info.plist */ = {isa = PBXFileReference; lastKnownFileType = text.plist.xml; path = Info.plist; sourceTree = "<group>"; };
		E9547414D0D421E6281988F8 /* Pods-InteractionDetector.debug.xcconfig */ = {isa = PBXFileReference; includeInIndex = 1; lastKnownFileType = text.xcconfig; name = "Pods-InteractionDetector.debug.xcconfig"; path = "Pods/Target Support Files/Pods-InteractionDetector/Pods-InteractionDetector.debug.xcconfig"; sourceTree = "<group>"; };
/* End PBXFileReference section */

/* Begin PBXFrameworksBuildPhase section */
		8E3C5523214181BE00554266 /* Frameworks */ = {
			isa = PBXFrameworksBuildPhase;
			buildActionMask = 2147483647;
			files = (
				4568E17C1E53F1B6F5F5FC07 /* Pods_InteractionDetector.framework in Frameworks */,
			);
			runOnlyForDeploymentPostprocessing = 0;
		};
/* End PBXFrameworksBuildPhase section */

/* Begin PBXGroup section */
		473E42A86D8149F97574740B /* Frameworks */ = {
			isa = PBXGroup;
			children = (
				80A562F67B011C0843F56E73 /* Pods_InteractionDetector.framework */,
			);
			name = Frameworks;
			sourceTree = "<group>";
		};
		8E3C551D214181BE00554266 = {
			isa = PBXGroup;
			children = (
				8E3C5528214181BE00554266 /* InteractionDetector */,
				8E3C5527214181BE00554266 /* Products */,
				B2FADD31F208E5AC9D387DC9 /* Pods */,
				473E42A86D8149F97574740B /* Frameworks */,
			);
			sourceTree = "<group>";
		};
		8E3C5527214181BE00554266 /* Products */ = {
			isa = PBXGroup;
			children = (
				8E3C5526214181BE00554266 /* InteractionDetector.app */,
			);
			name = Products;
			sourceTree = "<group>";
		};
		8E3C5528214181BE00554266 /* InteractionDetector */ = {
			isa = PBXGroup;
			children = (
				8E3C5529214181BE00554266 /* AppDelegate.swift */,
				8E3C552B214181BE00554266 /* ViewController.swift */,
				8E3C552D214181BE00554266 /* Main.storyboard */,
				8E3C5530214181C700554266 /* Assets.xcassets */,
				8E3C5532214181C700554266 /* LaunchScreen.storyboard */,
				8E3C5535214181C700554266 /* Info.plist */,
			);
			path = InteractionDetector;
			sourceTree = "<group>";
		};
		B2FADD31F208E5AC9D387DC9 /* Pods */ = {
			isa = PBXGroup;
			children = (
				E9547414D0D421E6281988F8 /* Pods-InteractionDetector.debug.xcconfig */,
				20D010E7C4A816D830A2CA2C /* Pods-InteractionDetector.release.xcconfig */,
			);
			name = Pods;
			sourceTree = "<group>";
		};
/* End PBXGroup section */

/* Begin PBXNativeTarget section */
		8E3C5525214181BE00554266 /* InteractionDetector */ = {
			isa = PBXNativeTarget;
			buildConfigurationList = 8E3C5538214181C700554266 /* Build configuration list for PBXNativeTarget "InteractionDetector" */;
			buildPhases = (
				66BF781F03097C3626F6FFE9 /* [CP] Check Pods Manifest.lock */,
				8E3C5522214181BE00554266 /* Sources */,
				8E3C5523214181BE00554266 /* Frameworks */,
				8E3C5524214181BE00554266 /* Resources */,
				5D1BCD200F4AD4331E91A714 /* [CP] Embed Pods Frameworks */,
			);
			buildRules = (
			);
			dependencies = (
			);
			name = InteractionDetector;
			productName = InteractionDetector;
			productReference = 8E3C5526214181BE00554266 /* InteractionDetector.app */;
			productType = "com.apple.product-type.application";
		};
/* End PBXNativeTarget section */

/* Begin PBXProject section */
		8E3C551E214181BE00554266 /* Project object */ = {
			isa = PBXProject;
			attributes = {
				LastSwiftUpdateCheck = 0940;
				LastUpgradeCheck = 0940;
				ORGANIZATIONNAME = HackatonTeam5;
				TargetAttributes = {
					8E3C5525214181BE00554266 = {
						CreatedOnToolsVersion = 9.4.1;
					};
				};
			};
			buildConfigurationList = 8E3C5521214181BE00554266 /* Build configuration list for PBXProject "InteractionDetector" */;
			compatibilityVersion = "Xcode 9.3";
			developmentRegion = en;
			hasScannedForEncodings = 0;
			knownRegions = (
				en,
				Base,
			);
			mainGroup = 8E3C551D214181BE00554266;
			productRefGroup = 8E3C5527214181BE00554266 /* Products */;
			projectDirPath = "";
			projectRoot = "";
			targets = (
				8E3C5525214181BE00554266 /* InteractionDetector */,
			);
		};
/* End PBXProject section */

/* Begin PBXResourcesBuildPhase section */
		8E3C5524214181BE00554266 /* Resources */ = {
			isa = PBXResourcesBuildPhase;
			buildActionMask = 2147483647;
			files = (
				8E3C5534214181C700554266 /* LaunchScreen.storyboard in Resources */,
				8E3C5531214181C700554266 /* Assets.xcassets in Resources */,
				8E3C552F214181BE00554266 /* Main.storyboard in Resources */,
			);
			runOnlyForDeploymentPostprocessing = 0;
		};
/* End PBXResourcesBuildPhase section */

/* Begin PBXShellScriptBuildPhase section */
		5D1BCD200F4AD4331E91A714 /* [CP] Embed Pods Frameworks */ = {
			isa = PBXShellScriptBuildPhase;
			buildActionMask = 2147483647;
			files = (
			);
			inputPaths = (
				"${SRCROOT}/Pods/Target Support Files/Pods-InteractionDetector/Pods-InteractionDetector-frameworks.sh",
				"${BUILT_PRODUCTS_DIR}/Socket.IO-Client-Swift/SocketIO.framework",
				"${BUILT_PRODUCTS_DIR}/Starscream/Starscream.framework",
			);
			name = "[CP] Embed Pods Frameworks";
			outputPaths = (
				"${TARGET_BUILD_DIR}/${FRAMEWORKS_FOLDER_PATH}/SocketIO.framework",
				"${TARGET_BUILD_DIR}/${FRAMEWORKS_FOLDER_PATH}/Starscream.framework",
			);
			runOnlyForDeploymentPostprocessing = 0;
			shellPath = /bin/sh;
			shellScript = "\"${SRCROOT}/Pods/Target Support Files/Pods-InteractionDetector/Pods-InteractionDetector-frameworks.sh\"\n";
			showEnvVarsInLog = 0;
		};
		66BF781F03097C3626F6FFE9 /* [CP] Check Pods Manifest.lock */ = {
			isa = PBXShellScriptBuildPhase;
			buildActionMask = 2147483647;
			files = (
			);
			inputPaths = (
				"${PODS_PODFILE_DIR_PATH}/Podfile.lock",
				"${PODS_ROOT}/Manifest.lock",
			);
			name = "[CP] Check Pods Manifest.lock";
			outputPaths = (
				"$(DERIVED_FILE_DIR)/Pods-InteractionDetector-checkManifestLockResult.txt",
			);
			runOnlyForDeploymentPostprocessing = 0;
			shellPath = /bin/sh;
			shellScript = "diff \"${PODS_PODFILE_DIR_PATH}/Podfile.lock\" \"${PODS_ROOT}/Manifest.lock\" > /dev/null\nif [ $? != 0 ] ; then\n    # print error to STDERR\n    echo \"error: The sandbox is not in sync with the Podfile.lock. Run 'pod install' or update your CocoaPods installation.\" >&2\n    exit 1\nfi\n# This output is used by Xcode 'outputs' to avoid re-running this script phase.\necho \"SUCCESS\" > \"${SCRIPT_OUTPUT_FILE_0}\"\n";
			showEnvVarsInLog = 0;
		};
/* End PBXShellScriptBuildPhase section */

/* Begin PBXSourcesBuildPhase section */
		8E3C5522214181BE00554266 /* Sources */ = {
			isa = PBXSourcesBuildPhase;
			buildActionMask = 2147483647;
			files = (
				8E3C552C214181BE00554266 /* ViewController.swift in Sources */,
				8E3C552A214181BE00554266 /* AppDelegate.swift in Sources */,
			);
			runOnlyForDeploymentPostprocessing = 0;
		};
/* End PBXSourcesBuildPhase section */

/* Begin PBXVariantGroup section */
		8E3C552D214181BE00554266 /* Main.storyboard */ = {
			isa = PBXVariantGroup;
			children = (
				8E3C552E214181BE00554266 /* Base */,
			);
			name = Main.storyboard;
			sourceTree = "<group>";
		};
		8E3C5532214181C700554266 /* LaunchScreen.storyboard */ = {
			isa = PBXVariantGroup;
			children = (
				8E3C5533214181C700554266 /* Base */,
			);
			name = LaunchScreen.storyboard;
			sourceTree = "<group>";
		};
/* End PBXVariantGroup section */

/* Begin XCBuildConfiguration section */
		8E3C5536214181C700554266 /* Debug */ = {
			isa = XCBuildConfiguration;
			buildSettings = {
				ALWAYS_SEARCH_USER_PATHS = NO;
				CLANG_ANALYZER_NONNULL = YES;
				CLANG_ANALYZER_NUMBER_OBJECT_CONVERSION = YES_AGGRESSIVE;
				CLANG_CXX_LANGUAGE_STANDARD = "gnu++14";
				CLANG_CXX_LIBRARY = "libc++";
				CLANG_ENABLE_MODULES = YES;
				CLANG_ENABLE_OBJC_ARC = YES;
				CLANG_ENABLE_OBJC_WEAK = YES;
				CLANG_WARN_BLOCK_CAPTURE_AUTORELEASING = YES;
				CLANG_WARN_BOOL_CONVERSION = YES;
				CLANG_WARN_COMMA = YES;
				CLANG_WARN_CONSTANT_CONVERSION = YES;
				CLANG_WARN_DEPRECATED_OBJC_IMPLEMENTATIONS = YES;
				CLANG_WARN_DIRECT_OBJC_ISA_USAGE = YES_ERROR;
				CLANG_WARN_DOCUMENTATION_COMMENTS = YES;
				CLANG_WARN_EMPTY_BODY = YES;
				CLANG_WARN_ENUM_CONVERSION = YES;
				CLANG_WARN_INFINITE_RECURSION = YES;
				CLANG_WARN_INT_CONVERSION = YES;
				CLANG_WARN_NON_LITERAL_NULL_CONVERSION = YES;
				CLANG_WARN_OBJC_IMPLICIT_RETAIN_SELF = YES;
				CLANG_WARN_OBJC_LITERAL_CONVERSION = YES;
				CLANG_WARN_OBJC_ROOT_CLASS = YES_ERROR;
				CLANG_WARN_RANGE_LOOP_ANALYSIS = YES;
				CLANG_WARN_STRICT_PROTOTYPES = YES;
				CLANG_WARN_SUSPICIOUS_MOVE = YES;
				CLANG_WARN_UNGUARDED_AVAILABILITY = YES_AGGRESSIVE;
				CLANG_WARN_UNREACHABLE_CODE = YES;
				CLANG_WARN__DUPLICATE_METHOD_MATCH = YES;
				CODE_SIGN_IDENTITY = "iPhone Developer";
				COPY_PHASE_STRIP = NO;
				DEBUG_INFORMATION_FORMAT = dwarf;
				ENABLE_STRICT_OBJC_MSGSEND = YES;
				ENABLE_TESTABILITY = YES;
				GCC_C_LANGUAGE_STANDARD = gnu11;
				GCC_DYNAMIC_NO_PIC = NO;
				GCC_NO_COMMON_BLOCKS = YES;
				GCC_OPTIMIZATION_LEVEL = 0;
				GCC_PREPROCESSOR_DEFINITIONS = (
					"DEBUG=1",
					"$(inherited)",
				);
				GCC_WARN_64_TO_32_BIT_CONVERSION = YES;
				GCC_WARN_ABOUT_RETURN_TYPE = YES_ERROR;
				GCC_WARN_UNDECLARED_SELECTOR = YES;
				GCC_WARN_UNINITIALIZED_AUTOS = YES_AGGRESSIVE;
				GCC_WARN_UNUSED_FUNCTION = YES;
				GCC_WARN_UNUSED_VARIABLE = YES;
				IPHONEOS_DEPLOYMENT_TARGET = 11.4;
				MTL_ENABLE_DEBUG_INFO = YES;
				ONLY_ACTIVE_ARCH = YES;
				SDKROOT = iphoneos;
				SWIFT_ACTIVE_COMPILATION_CONDITIONS = DEBUG;
				SWIFT_OPTIMIZATION_LEVEL = "-Onone";
			};
			name = Debug;
		};
		8E3C5537214181C700554266 /* Release */ = {
			isa = XCBuildConfiguration;
			buildSettings = {
				ALWAYS_SEARCH_USER_PATHS = NO;
				CLANG_ANALYZER_NONNULL = YES;
				CLANG_ANALYZER_NUMBER_OBJECT_CONVERSION = YES_AGGRESSIVE;
				CLANG_CXX_LANGUAGE_STANDARD = "gnu++14";
				CLANG_CXX_LIBRARY = "libc++";
				CLANG_ENABLE_MODULES = YES;
				CLANG_ENABLE_OBJC_ARC = YES;
				CLANG_ENABLE_OBJC_WEAK = YES;
				CLANG_WARN_BLOCK_CAPTURE_AUTORELEASING = YES;
				CLANG_WARN_BOOL_CONVERSION = YES;
				CLANG_WARN_COMMA = YES;
				CLANG_WARN_CONSTANT_CONVERSION = YES;
				CLANG_WARN_DEPRECATED_OBJC_IMPLEMENTATIONS = YES;
				CLANG_WARN_DIRECT_OBJC_ISA_USAGE = YES_ERROR;
				CLANG_WARN_DOCUMENTATION_COMMENTS = YES;
				CLANG_WARN_EMPTY_BODY = YES;
				CLANG_WARN_ENUM_CONVERSION = YES;
				CLANG_WARN_INFINITE_RECURSION = YES;
				CLANG_WARN_INT_CONVERSION = YES;
				CLANG_WARN_NON_LITERAL_NULL_CONVERSION = YES;
				CLANG_WARN_OBJC_IMPLICIT_RETAIN_SELF = YES;
				CLANG_WARN_OBJC_LITERAL_CONVERSION = YES;
				CLANG_WARN_OBJC_ROOT_CLASS = YES_ERROR;
				CLANG_WARN_RANGE_LOOP_ANALYSIS = YES;
				CLANG_WARN_STRICT_PROTOTYPES = YES;
				CLANG_WARN_SUSPICIOUS_MOVE = YES;
				CLANG_WARN_UNGUARDED_AVAILABILITY = YES_AGGRESSIVE;
				CLANG_WARN_UNREACHABLE_CODE = YES;
				CLANG_WARN__DUPLICATE_METHOD_MATCH = YES;
				CODE_SIGN_IDENTITY = "iPhone Developer";
				COPY_PHASE_STRIP = NO;
				DEBUG_INFORMATION_FORMAT = "dwarf-with-dsym";
				ENABLE_NS_ASSERTIONS = NO;
				ENABLE_STRICT_OBJC_MSGSEND = YES;
				GCC_C_LANGUAGE_STANDARD = gnu11;
				GCC_NO_COMMON_BLOCKS = YES;
				GCC_WARN_64_TO_32_BIT_CONVERSION = YES;
				GCC_WARN_ABOUT_RETURN_TYPE = YES_ERROR;
				GCC_WARN_UNDECLARED_SELECTOR = YES;
				GCC_WARN_UNINITIALIZED_AUTOS = YES_AGGRESSIVE;
				GCC_WARN_UNUSED_FUNCTION = YES;
				GCC_WARN_UNUSED_VARIABLE = YES;
				IPHONEOS_DEPLOYMENT_TARGET = 11.4;
				MTL_ENABLE_DEBUG_INFO = NO;
				SDKROOT = iphoneos;
				SWIFT_COMPILATION_MODE = wholemodule;
				SWIFT_OPTIMIZATION_LEVEL = "-O";
				VALIDATE_PRODUCT = YES;
			};
			name = Release;
		};
		8E3C5539214181C700554266 /* Debug */ = {
			isa = XCBuildConfiguration;
			baseConfigurationReference = E9547414D0D421E6281988F8 /* Pods-InteractionDetector.debug.xcconfig */;
			buildSettings = {
				ASSETCATALOG_COMPILER_APPICON_NAME = AppIcon;
				CODE_SIGN_STYLE = Automatic;
				DEVELOPMENT_TEAM = 2SKZS94876;
				INFOPLIST_FILE = InteractionDetector/Info.plist;
				LD_RUNPATH_SEARCH_PATHS = "$(inherited) @executable_path/Frameworks";
				PRODUCT_BUNDLE_IDENTIFIER = "com.futureplatforms.-HackatonTeam5.InteractionDetector";
				PRODUCT_NAME = "$(TARGET_NAME)";
				SWIFT_VERSION = 4.0;
				TARGETED_DEVICE_FAMILY = "1,2";
			};
			name = Debug;
		};
		8E3C553A214181C700554266 /* Release */ = {
			isa = XCBuildConfiguration;
			baseConfigurationReference = 20D010E7C4A816D830A2CA2C /* Pods-InteractionDetector.release.xcconfig */;
			buildSettings = {
				ASSETCATALOG_COMPILER_APPICON_NAME = AppIcon;
				CODE_SIGN_STYLE = Automatic;
				DEVELOPMENT_TEAM = 2SKZS94876;
				INFOPLIST_FILE = InteractionDetector/Info.plist;
				LD_RUNPATH_SEARCH_PATHS = "$(inherited) @executable_path/Frameworks";
				PRODUCT_BUNDLE_IDENTIFIER = "com.futureplatforms.-HackatonTeam5.InteractionDetector";
				PRODUCT_NAME = "$(TARGET_NAME)";
				SWIFT_VERSION = 4.0;
				TARGETED_DEVICE_FAMILY = "1,2";
			};
			name = Release;
		};
/* End XCBuildConfiguration section */

/* Begin XCConfigurationList section */
		8E3C5521214181BE00554266 /* Build configuration list for PBXProject "InteractionDetector" */ = {
			isa = XCConfigurationList;
			buildConfigurations = (
				8E3C5536214181C700554266 /* Debug */,
				8E3C5537214181C700554266 /* Release */,
			);
			defaultConfigurationIsVisible = 0;
			defaultConfigurationName = Release;
		};
		8E3C5538214181C700554266 /* Build configuration list for PBXNativeTarget "InteractionDetector" */ = {
			isa = XCConfigurationList;
			buildConfigurations = (
				8E3C5539214181C700554266 /* Debug */,
				8E3C553A214181C700554266 /* Release */,
			);
			defaultConfigurationIsVisible = 0;
			defaultConfigurationName = Release;
		};
/* End XCConfigurationList section */
	};
	rootObject = 8E3C551E214181BE00554266 /* Project object */;
}
