// !$*UTF8*$!
{
	archiveVersion = 1;
	classes = {
	};
	objectVersion = 50;
	objects = {

/* Begin PBXBuildFile section */
		8E3C553C2141B16200554266 /* DeviceListener.swift in Sources */ = {isa = PBXBuildFile; fileRef = 8E3C553B2141B16200554266 /* DeviceListener.swift */; };
		8E3C553E2141CE5D00554266 /* PictureCapturer.swift in Sources */ = {isa = PBXBuildFile; fileRef = 8E3C553D2141CE5D00554266 /* PictureCapturer.swift */; };
		8EC56F19214289EA00994508 /* product1.png in Resources */ = {isa = PBXBuildFile; fileRef = 8EC56F16214289EA00994508 /* product1.png */; };
		8EC56F1C21428B1800994508 /* product3.png in Resources */ = {isa = PBXBuildFile; fileRef = 8EC56F1A21428B1800994508 /* product3.png */; };
		8EC56F1D21428B1800994508 /* product2.png in Resources */ = {isa = PBXBuildFile; fileRef = 8EC56F1B21428B1800994508 /* product2.png */; };
		8EC56F2A21428D0300994508 /* product3_sad.png in Resources */ = {isa = PBXBuildFile; fileRef = 8EC56F1E21428D0200994508 /* product3_sad.png */; };
		8EC56F2B21428D0300994508 /* product2_surprise.png in Resources */ = {isa = PBXBuildFile; fileRef = 8EC56F1F21428D0300994508 /* product2_surprise.png */; };
		8EC56F2C21428D0300994508 /* product1_neutral.png in Resources */ = {isa = PBXBuildFile; fileRef = 8EC56F2021428D0300994508 /* product1_neutral.png */; };
		8EC56F2D21428D0300994508 /* product2_neutral.png in Resources */ = {isa = PBXBuildFile; fileRef = 8EC56F2121428D0300994508 /* product2_neutral.png */; };
		8EC56F2E21428D0300994508 /* product1_surprise.png in Resources */ = {isa = PBXBuildFile; fileRef = 8EC56F2221428D0300994508 /* product1_surprise.png */; };
		8EC56F2F21428D0300994508 /* product2_sad.png in Resources */ = {isa = PBXBuildFile; fileRef = 8EC56F2321428D0300994508 /* product2_sad.png */; };
		8EC56F3021428D0300994508 /* product3_neutral.png in Resources */ = {isa = PBXBuildFile; fileRef = 8EC56F2421428D0300994508 /* product3_neutral.png */; };
		8EC56F3121428D0300994508 /* product1_happy.png in Resources */ = {isa = PBXBuildFile; fileRef = 8EC56F2521428D0300994508 /* product1_happy.png */; };
		8EC56F3221428D0300994508 /* product1_sad.png in Resources */ = {isa = PBXBuildFile; fileRef = 8EC56F2621428D0300994508 /* product1_sad.png */; };
		8EC56F3321428D0300994508 /* product3_happy.png in Resources */ = {isa = PBXBuildFile; fileRef = 8EC56F2721428D0300994508 /* product3_happy.png */; };
		8EC56F3421428D0300994508 /* product3_surprise.png in Resources */ = {isa = PBXBuildFile; fileRef = 8EC56F2821428D0300994508 /* product3_surprise.png */; };
		8EC56F3521428D0300994508 /* product2_happy.png in Resources */ = {isa = PBXBuildFile; fileRef = 8EC56F2921428D0300994508 /* product2_happy.png */; };
		B77495DC9FE914D96CBDC6CB /* Pods_MoveMatic5000.framework in Frameworks */ = {isa = PBXBuildFile; fileRef = CE995D3304DC4E476E61C70F /* Pods_MoveMatic5000.framework */; };
		E13524B1214281CC006BD8E2 /* ding.mp3 in Resources */ = {isa = PBXBuildFile; fileRef = E13524B0214281CC006BD8E2 /* ding.mp3 */; };
		E13524B4214297C3006BD8E2 /* Analytics.html in Resources */ = {isa = PBXBuildFile; fileRef = E13524B3214297C3006BD8E2 /* Analytics.html */; };
		E1BA69B6214268C8008B8333 /* EmotionCount.swift in Sources */ = {isa = PBXBuildFile; fileRef = E1BA69B5214268C8008B8333 /* EmotionCount.swift */; };
		E1C05DDC2141841E00A16220 /* AppDelegate.swift in Sources */ = {isa = PBXBuildFile; fileRef = E1C05DDB2141841E00A16220 /* AppDelegate.swift */; };
		E1C05DDE2141841E00A16220 /* ViewController.swift in Sources */ = {isa = PBXBuildFile; fileRef = E1C05DDD2141841E00A16220 /* ViewController.swift */; };
		E1C05DE02141841F00A16220 /* Assets.xcassets in Resources */ = {isa = PBXBuildFile; fileRef = E1C05DDF2141841F00A16220 /* Assets.xcassets */; };
		E1C05DE32141841F00A16220 /* Main.storyboard in Resources */ = {isa = PBXBuildFile; fileRef = E1C05DE12141841F00A16220 /* Main.storyboard */; };
/* End PBXBuildFile section */

/* Begin PBXFileReference section */
		3788F80E2FC23DBAE1B45C0F /* Pods-MoveMatic5000.debug.xcconfig */ = {isa = PBXFileReference; includeInIndex = 1; lastKnownFileType = text.xcconfig; name = "Pods-MoveMatic5000.debug.xcconfig"; path = "Pods/Target Support Files/Pods-MoveMatic5000/Pods-MoveMatic5000.debug.xcconfig"; sourceTree = "<group>"; };
		8E3C553B2141B16200554266 /* DeviceListener.swift */ = {isa = PBXFileReference; lastKnownFileType = sourcecode.swift; path = DeviceListener.swift; sourceTree = "<group>"; };
		8E3C553D2141CE5D00554266 /* PictureCapturer.swift */ = {isa = PBXFileReference; lastKnownFileType = sourcecode.swift; path = PictureCapturer.swift; sourceTree = "<group>"; };
		8EC56F16214289EA00994508 /* product1.png */ = {isa = PBXFileReference; lastKnownFileType = image.png; path = product1.png; sourceTree = "<group>"; };
		8EC56F1A21428B1800994508 /* product3.png */ = {isa = PBXFileReference; lastKnownFileType = image.png; path = product3.png; sourceTree = "<group>"; };
		8EC56F1B21428B1800994508 /* product2.png */ = {isa = PBXFileReference; lastKnownFileType = image.png; path = product2.png; sourceTree = "<group>"; };
		8EC56F1E21428D0200994508 /* product3_sad.png */ = {isa = PBXFileReference; lastKnownFileType = image.png; path = product3_sad.png; sourceTree = "<group>"; };
		8EC56F1F21428D0300994508 /* product2_surprise.png */ = {isa = PBXFileReference; lastKnownFileType = image.png; path = product2_surprise.png; sourceTree = "<group>"; };
		8EC56F2021428D0300994508 /* product1_neutral.png */ = {isa = PBXFileReference; lastKnownFileType = image.png; path = product1_neutral.png; sourceTree = "<group>"; };
		8EC56F2121428D0300994508 /* product2_neutral.png */ = {isa = PBXFileReference; lastKnownFileType = image.png; path = product2_neutral.png; sourceTree = "<group>"; };
		8EC56F2221428D0300994508 /* product1_surprise.png */ = {isa = PBXFileReference; lastKnownFileType = image.png; path = product1_surprise.png; sourceTree = "<group>"; };
		8EC56F2321428D0300994508 /* product2_sad.png */ = {isa = PBXFileReference; lastKnownFileType = image.png; path = product2_sad.png; sourceTree = "<group>"; };
		8EC56F2421428D0300994508 /* product3_neutral.png */ = {isa = PBXFileReference; lastKnownFileType = image.png; path = product3_neutral.png; sourceTree = "<group>"; };
		8EC56F2521428D0300994508 /* product1_happy.png */ = {isa = PBXFileReference; lastKnownFileType = image.png; path = product1_happy.png; sourceTree = "<group>"; };
		8EC56F2621428D0300994508 /* product1_sad.png */ = {isa = PBXFileReference; lastKnownFileType = image.png; path = product1_sad.png; sourceTree = "<group>"; };
		8EC56F2721428D0300994508 /* product3_happy.png */ = {isa = PBXFileReference; lastKnownFileType = image.png; path = product3_happy.png; sourceTree = "<group>"; };
		8EC56F2821428D0300994508 /* product3_surprise.png */ = {isa = PBXFileReference; lastKnownFileType = image.png; path = product3_surprise.png; sourceTree = "<group>"; };
		8EC56F2921428D0300994508 /* product2_happy.png */ = {isa = PBXFileReference; lastKnownFileType = image.png; path = product2_happy.png; sourceTree = "<group>"; };
		CE995D3304DC4E476E61C70F /* Pods_MoveMatic5000.framework */ = {isa = PBXFileReference; explicitFileType = wrapper.framework; includeInIndex = 0; path = Pods_MoveMatic5000.framework; sourceTree = BUILT_PRODUCTS_DIR; };
		E13524B0214281CC006BD8E2 /* ding.mp3 */ = {isa = PBXFileReference; lastKnownFileType = audio.mp3; path = ding.mp3; sourceTree = "<group>"; };
		E13524B3214297C3006BD8E2 /* Analytics.html */ = {isa = PBXFileReference; fileEncoding = 4; lastKnownFileType = text.html; name = Analytics.html; path = ../../Analytics.html; sourceTree = "<group>"; };
		E1BA69B5214268C8008B8333 /* EmotionCount.swift */ = {isa = PBXFileReference; lastKnownFileType = sourcecode.swift; path = EmotionCount.swift; sourceTree = "<group>"; };
		E1C05DD82141841E00A16220 /* MoveMatic5000.app */ = {isa = PBXFileReference; explicitFileType = wrapper.application; includeInIndex = 0; path = MoveMatic5000.app; sourceTree = BUILT_PRODUCTS_DIR; };
		E1C05DDB2141841E00A16220 /* AppDelegate.swift */ = {isa = PBXFileReference; lastKnownFileType = sourcecode.swift; path = AppDelegate.swift; sourceTree = "<group>"; };
		E1C05DDD2141841E00A16220 /* ViewController.swift */ = {isa = PBXFileReference; lastKnownFileType = sourcecode.swift; path = ViewController.swift; sourceTree = "<group>"; };
		E1C05DDF2141841F00A16220 /* Assets.xcassets */ = {isa = PBXFileReference; lastKnownFileType = folder.assetcatalog; path = Assets.xcassets; sourceTree = "<group>"; };
		E1C05DE22141841F00A16220 /* Base */ = {isa = PBXFileReference; lastKnownFileType = file.storyboard; name = Base; path = Base.lproj/Main.storyboard; sourceTree = "<group>"; };
		E1C05DE42141841F00A16220 /* Info.plist */ = {isa = PBXFileReference; lastKnownFileType = text.plist.xml; path = Info.plist; sourceTree = "<group>"; };
		E1C05DE52141841F00A16220 /* MoveMatic5000.entitlements */ = {isa = PBXFileReference; lastKnownFileType = text.plist.entitlements; path = MoveMatic5000.entitlements; sourceTree = "<group>"; };
		F4E643A28D6FA94C9D474C48 /* Pods-MoveMatic5000.release.xcconfig */ = {isa = PBXFileReference; includeInIndex = 1; lastKnownFileType = text.xcconfig; name = "Pods-MoveMatic5000.release.xcconfig"; path = "Pods/Target Support Files/Pods-MoveMatic5000/Pods-MoveMatic5000.release.xcconfig"; sourceTree = "<group>"; };
/* End PBXFileReference section */

/* Begin PBXFrameworksBuildPhase section */
		E1C05DD52141841D00A16220 /* Frameworks */ = {
			isa = PBXFrameworksBuildPhase;
			buildActionMask = 2147483647;
			files = (
				B77495DC9FE914D96CBDC6CB /* Pods_MoveMatic5000.framework in Frameworks */,
			);
			runOnlyForDeploymentPostprocessing = 0;
		};
/* End PBXFrameworksBuildPhase section */

/* Begin PBXGroup section */
		70578C67DB6523BB844158C9 /* Frameworks */ = {
			isa = PBXGroup;
			children = (
				CE995D3304DC4E476E61C70F /* Pods_MoveMatic5000.framework */,
			);
			name = Frameworks;
			sourceTree = "<group>";
		};
		8EC56F13214289EA00994508 /* images */ = {
			isa = PBXGroup;
			children = (
				8EC56F2521428D0300994508 /* product1_happy.png */,
				8EC56F2021428D0300994508 /* product1_neutral.png */,
				8EC56F2621428D0300994508 /* product1_sad.png */,
				8EC56F2221428D0300994508 /* product1_surprise.png */,
				8EC56F2921428D0300994508 /* product2_happy.png */,
				8EC56F2121428D0300994508 /* product2_neutral.png */,
				8EC56F2321428D0300994508 /* product2_sad.png */,
				8EC56F1F21428D0300994508 /* product2_surprise.png */,
				8EC56F2721428D0300994508 /* product3_happy.png */,
				8EC56F2421428D0300994508 /* product3_neutral.png */,
				8EC56F1E21428D0200994508 /* product3_sad.png */,
				8EC56F2821428D0300994508 /* product3_surprise.png */,
				8EC56F1B21428B1800994508 /* product2.png */,
				8EC56F1A21428B1800994508 /* product3.png */,
				8EC56F16214289EA00994508 /* product1.png */,
			);
			path = images;
			sourceTree = "<group>";
		};
		C8B9A74F5E9137367447D725 /* Pods */ = {
			isa = PBXGroup;
			children = (
				3788F80E2FC23DBAE1B45C0F /* Pods-MoveMatic5000.debug.xcconfig */,
				F4E643A28D6FA94C9D474C48 /* Pods-MoveMatic5000.release.xcconfig */,
			);
			name = Pods;
			sourceTree = "<group>";
		};
		E1C05DCF2141841D00A16220 = {
			isa = PBXGroup;
			children = (
				E1C05DDA2141841E00A16220 /* MoveMatic5000 */,
				E1C05DD92141841E00A16220 /* Products */,
				C8B9A74F5E9137367447D725 /* Pods */,
				70578C67DB6523BB844158C9 /* Frameworks */,
			);
			sourceTree = "<group>";
		};
		E1C05DD92141841E00A16220 /* Products */ = {
			isa = PBXGroup;
			children = (
				E1C05DD82141841E00A16220 /* MoveMatic5000.app */,
			);
			name = Products;
			sourceTree = "<group>";
		};
		E1C05DDA2141841E00A16220 /* MoveMatic5000 */ = {
			isa = PBXGroup;
			children = (
				E13524B3214297C3006BD8E2 /* Analytics.html */,
				8EC56F13214289EA00994508 /* images */,
				E13524B0214281CC006BD8E2 /* ding.mp3 */,
				E1C05DDB2141841E00A16220 /* AppDelegate.swift */,
				E1C05DDD2141841E00A16220 /* ViewController.swift */,
				E1C05DDF2141841F00A16220 /* Assets.xcassets */,
				E1C05DE12141841F00A16220 /* Main.storyboard */,
				E1C05DE42141841F00A16220 /* Info.plist */,
				E1C05DE52141841F00A16220 /* MoveMatic5000.entitlements */,
				8E3C553B2141B16200554266 /* DeviceListener.swift */,
				8E3C553D2141CE5D00554266 /* PictureCapturer.swift */,
				E1BA69B5214268C8008B8333 /* EmotionCount.swift */,
			);
			path = MoveMatic5000;
			sourceTree = "<group>";
		};
/* End PBXGroup section */

/* Begin PBXNativeTarget section */
		E1C05DD72141841D00A16220 /* MoveMatic5000 */ = {
			isa = PBXNativeTarget;
			buildConfigurationList = E1C05DE82141841F00A16220 /* Build configuration list for PBXNativeTarget "MoveMatic5000" */;
			buildPhases = (
				D2B1779BEEF995F6622FF5F2 /* [CP] Check Pods Manifest.lock */,
				E1C05DD42141841D00A16220 /* Sources */,
				E1C05DD52141841D00A16220 /* Frameworks */,
				E1C05DD62141841D00A16220 /* Resources */,
				138AC344D58C13146A37F379 /* [CP] Embed Pods Frameworks */,
			);
			buildRules = (
			);
			dependencies = (
			);
			name = MoveMatic5000;
			productName = MoveMatic5000;
			productReference = E1C05DD82141841E00A16220 /* MoveMatic5000.app */;
			productType = "com.apple.product-type.application";
		};
/* End PBXNativeTarget section */

/* Begin PBXProject section */
		E1C05DD02141841D00A16220 /* Project object */ = {
			isa = PBXProject;
			attributes = {
				LastSwiftUpdateCheck = 0940;
				LastUpgradeCheck = 0940;
				ORGANIZATIONNAME = "Robert Wiltshire";
				TargetAttributes = {
					E1C05DD72141841D00A16220 = {
						CreatedOnToolsVersion = 9.4.1;
						SystemCapabilities = {
							com.apple.Sandbox = {
								enabled = 1;
							};
						};
					};
				};
			};
			buildConfigurationList = E1C05DD32141841D00A16220 /* Build configuration list for PBXProject "MoveMatic5000" */;
			compatibilityVersion = "Xcode 9.3";
			developmentRegion = en;
			hasScannedForEncodings = 0;
			knownRegions = (
				en,
				Base,
			);
			mainGroup = E1C05DCF2141841D00A16220;
			productRefGroup = E1C05DD92141841E00A16220 /* Products */;
			projectDirPath = "";
			projectRoot = "";
			targets = (
				E1C05DD72141841D00A16220 /* MoveMatic5000 */,
			);
		};
/* End PBXProject section */

/* Begin PBXResourcesBuildPhase section */
		E1C05DD62141841D00A16220 /* Resources */ = {
			isa = PBXResourcesBuildPhase;
			buildActionMask = 2147483647;
			files = (
				8EC56F3221428D0300994508 /* product1_sad.png in Resources */,
				E1C05DE02141841F00A16220 /* Assets.xcassets in Resources */,
				8EC56F2A21428D0300994508 /* product3_sad.png in Resources */,
				8EC56F2E21428D0300994508 /* product1_surprise.png in Resources */,
				E1C05DE32141841F00A16220 /* Main.storyboard in Resources */,
				8EC56F3021428D0300994508 /* product3_neutral.png in Resources */,
				E13524B4214297C3006BD8E2 /* Analytics.html in Resources */,
				8EC56F1D21428B1800994508 /* product2.png in Resources */,
				8EC56F3421428D0300994508 /* product3_surprise.png in Resources */,
				8EC56F3121428D0300994508 /* product1_happy.png in Resources */,
				8EC56F2F21428D0300994508 /* product2_sad.png in Resources */,
				8EC56F2C21428D0300994508 /* product1_neutral.png in Resources */,
				8EC56F3321428D0300994508 /* product3_happy.png in Resources */,
				8EC56F1C21428B1800994508 /* product3.png in Resources */,
				8EC56F2D21428D0300994508 /* product2_neutral.png in Resources */,
				E13524B1214281CC006BD8E2 /* ding.mp3 in Resources */,
				8EC56F19214289EA00994508 /* product1.png in Resources */,
				8EC56F2B21428D0300994508 /* product2_surprise.png in Resources */,
				8EC56F3521428D0300994508 /* product2_happy.png in Resources */,
			);
			runOnlyForDeploymentPostprocessing = 0;
		};
/* End PBXResourcesBuildPhase section */

/* Begin PBXShellScriptBuildPhase section */
		138AC344D58C13146A37F379 /* [CP] Embed Pods Frameworks */ = {
			isa = PBXShellScriptBuildPhase;
			buildActionMask = 2147483647;
			files = (
			);
			inputPaths = (
				"${SRCROOT}/Pods/Target Support Files/Pods-MoveMatic5000/Pods-MoveMatic5000-frameworks.sh",
				"${BUILT_PRODUCTS_DIR}/Embassy/Embassy.framework",
			);
			name = "[CP] Embed Pods Frameworks";
			outputPaths = (
				"${TARGET_BUILD_DIR}/${FRAMEWORKS_FOLDER_PATH}/Embassy.framework",
			);
			runOnlyForDeploymentPostprocessing = 0;
			shellPath = /bin/sh;
			shellScript = "\"${SRCROOT}/Pods/Target Support Files/Pods-MoveMatic5000/Pods-MoveMatic5000-frameworks.sh\"\n";
			showEnvVarsInLog = 0;
		};
		D2B1779BEEF995F6622FF5F2 /* [CP] Check Pods Manifest.lock */ = {
			isa = PBXShellScriptBuildPhase;
			buildActionMask = 2147483647;
			files = (
			);
			inputPaths = (
				"${PODS_PODFILE_DIR_PATH}/Podfile.lock",
				"${PODS_ROOT}/Manifest.lock",
			);
			name = "[CP] Check Pods Manifest.lock";
			outputPaths = (
				"$(DERIVED_FILE_DIR)/Pods-MoveMatic5000-checkManifestLockResult.txt",
			);
			runOnlyForDeploymentPostprocessing = 0;
			shellPath = /bin/sh;
			shellScript = "diff \"${PODS_PODFILE_DIR_PATH}/Podfile.lock\" \"${PODS_ROOT}/Manifest.lock\" > /dev/null\nif [ $? != 0 ] ; then\n    # print error to STDERR\n    echo \"error: The sandbox is not in sync with the Podfile.lock. Run 'pod install' or update your CocoaPods installation.\" >&2\n    exit 1\nfi\n# This output is used by Xcode 'outputs' to avoid re-running this script phase.\necho \"SUCCESS\" > \"${SCRIPT_OUTPUT_FILE_0}\"\n";
			showEnvVarsInLog = 0;
		};
/* End PBXShellScriptBuildPhase section */

/* Begin PBXSourcesBuildPhase section */
		E1C05DD42141841D00A16220 /* Sources */ = {
			isa = PBXSourcesBuildPhase;
			buildActionMask = 2147483647;
			files = (
				E1BA69B6214268C8008B8333 /* EmotionCount.swift in Sources */,
				8E3C553C2141B16200554266 /* DeviceListener.swift in Sources */,
				E1C05DDE2141841E00A16220 /* ViewController.swift in Sources */,
				8E3C553E2141CE5D00554266 /* PictureCapturer.swift in Sources */,
				E1C05DDC2141841E00A16220 /* AppDelegate.swift in Sources */,
			);
			runOnlyForDeploymentPostprocessing = 0;
		};
/* End PBXSourcesBuildPhase section */

/* Begin PBXVariantGroup section */
		E1C05DE12141841F00A16220 /* Main.storyboard */ = {
			isa = PBXVariantGroup;
			children = (
				E1C05DE22141841F00A16220 /* Base */,
			);
			name = Main.storyboard;
			sourceTree = "<group>";
		};
/* End PBXVariantGroup section */

/* Begin XCBuildConfiguration section */
		E1C05DE62141841F00A16220 /* Debug */ = {
			isa = XCBuildConfiguration;
			buildSettings = {
				ALWAYS_SEARCH_USER_PATHS = NO;
				CLANG_ANALYZER_NONNULL = YES;
				CLANG_ANALYZER_NUMBER_OBJECT_CONVERSION = YES_AGGRESSIVE;
				CLANG_CXX_LANGUAGE_STANDARD = "gnu++14";
				CLANG_CXX_LIBRARY = "libc++";
				CLANG_ENABLE_MODULES = YES;
				CLANG_ENABLE_OBJC_ARC = YES;
				CLANG_ENABLE_OBJC_WEAK = YES;
				CLANG_WARN_BLOCK_CAPTURE_AUTORELEASING = YES;
				CLANG_WARN_BOOL_CONVERSION = YES;
				CLANG_WARN_COMMA = YES;
				CLANG_WARN_CONSTANT_CONVERSION = YES;
				CLANG_WARN_DEPRECATED_OBJC_IMPLEMENTATIONS = YES;
				CLANG_WARN_DIRECT_OBJC_ISA_USAGE = YES_ERROR;
				CLANG_WARN_DOCUMENTATION_COMMENTS = YES;
				CLANG_WARN_EMPTY_BODY = YES;
				CLANG_WARN_ENUM_CONVERSION = YES;
				CLANG_WARN_INFINITE_RECURSION = YES;
				CLANG_WARN_INT_CONVERSION = YES;
				CLANG_WARN_NON_LITERAL_NULL_CONVERSION = YES;
				CLANG_WARN_OBJC_IMPLICIT_RETAIN_SELF = YES;
				CLANG_WARN_OBJC_LITERAL_CONVERSION = YES;
				CLANG_WARN_OBJC_ROOT_CLASS = YES_ERROR;
				CLANG_WARN_RANGE_LOOP_ANALYSIS = YES;
				CLANG_WARN_STRICT_PROTOTYPES = YES;
				CLANG_WARN_SUSPICIOUS_MOVE = YES;
				CLANG_WARN_UNGUARDED_AVAILABILITY = YES_AGGRESSIVE;
				CLANG_WARN_UNREACHABLE_CODE = YES;
				CLANG_WARN__DUPLICATE_METHOD_MATCH = YES;
				CODE_SIGN_IDENTITY = "-";
				COPY_PHASE_STRIP = NO;
				DEBUG_INFORMATION_FORMAT = dwarf;
				ENABLE_STRICT_OBJC_MSGSEND = YES;
				ENABLE_TESTABILITY = YES;
				GCC_C_LANGUAGE_STANDARD = gnu11;
				GCC_DYNAMIC_NO_PIC = NO;
				GCC_NO_COMMON_BLOCKS = YES;
				GCC_OPTIMIZATION_LEVEL = 0;
				GCC_PREPROCESSOR_DEFINITIONS = (
					"DEBUG=1",
					"$(inherited)",
				);
				GCC_WARN_64_TO_32_BIT_CONVERSION = YES;
				GCC_WARN_ABOUT_RETURN_TYPE = YES_ERROR;
				GCC_WARN_UNDECLARED_SELECTOR = YES;
				GCC_WARN_UNINITIALIZED_AUTOS = YES_AGGRESSIVE;
				GCC_WARN_UNUSED_FUNCTION = YES;
				GCC_WARN_UNUSED_VARIABLE = YES;
				MACOSX_DEPLOYMENT_TARGET = 10.13;
				MTL_ENABLE_DEBUG_INFO = YES;
				ONLY_ACTIVE_ARCH = YES;
				SDKROOT = macosx;
				SWIFT_ACTIVE_COMPILATION_CONDITIONS = DEBUG;
				SWIFT_OPTIMIZATION_LEVEL = "-Onone";
			};
			name = Debug;
		};
		E1C05DE72141841F00A16220 /* Release */ = {
			isa = XCBuildConfiguration;
			buildSettings = {
				ALWAYS_SEARCH_USER_PATHS = NO;
				CLANG_ANALYZER_NONNULL = YES;
				CLANG_ANALYZER_NUMBER_OBJECT_CONVERSION = YES_AGGRESSIVE;
				CLANG_CXX_LANGUAGE_STANDARD = "gnu++14";
				CLANG_CXX_LIBRARY = "libc++";
				CLANG_ENABLE_MODULES = YES;
				CLANG_ENABLE_OBJC_ARC = YES;
				CLANG_ENABLE_OBJC_WEAK = YES;
				CLANG_WARN_BLOCK_CAPTURE_AUTORELEASING = YES;
				CLANG_WARN_BOOL_CONVERSION = YES;
				CLANG_WARN_COMMA = YES;
				CLANG_WARN_CONSTANT_CONVERSION = YES;
				CLANG_WARN_DEPRECATED_OBJC_IMPLEMENTATIONS = YES;
				CLANG_WARN_DIRECT_OBJC_ISA_USAGE = YES_ERROR;
				CLANG_WARN_DOCUMENTATION_COMMENTS = YES;
				CLANG_WARN_EMPTY_BODY = YES;
				CLANG_WARN_ENUM_CONVERSION = YES;
				CLANG_WARN_INFINITE_RECURSION = YES;
				CLANG_WARN_INT_CONVERSION = YES;
				CLANG_WARN_NON_LITERAL_NULL_CONVERSION = YES;
				CLANG_WARN_OBJC_IMPLICIT_RETAIN_SELF = YES;
				CLANG_WARN_OBJC_LITERAL_CONVERSION = YES;
				CLANG_WARN_OBJC_ROOT_CLASS = YES_ERROR;
				CLANG_WARN_RANGE_LOOP_ANALYSIS = YES;
				CLANG_WARN_STRICT_PROTOTYPES = YES;
				CLANG_WARN_SUSPICIOUS_MOVE = YES;
				CLANG_WARN_UNGUARDED_AVAILABILITY = YES_AGGRESSIVE;
				CLANG_WARN_UNREACHABLE_CODE = YES;
				CLANG_WARN__DUPLICATE_METHOD_MATCH = YES;
				CODE_SIGN_IDENTITY = "-";
				COPY_PHASE_STRIP = NO;
				DEBUG_INFORMATION_FORMAT = "dwarf-with-dsym";
				ENABLE_NS_ASSERTIONS = NO;
				ENABLE_STRICT_OBJC_MSGSEND = YES;
				GCC_C_LANGUAGE_STANDARD = gnu11;
				GCC_NO_COMMON_BLOCKS = YES;
				GCC_WARN_64_TO_32_BIT_CONVERSION = YES;
				GCC_WARN_ABOUT_RETURN_TYPE = YES_ERROR;
				GCC_WARN_UNDECLARED_SELECTOR = YES;
				GCC_WARN_UNINITIALIZED_AUTOS = YES_AGGRESSIVE;
				GCC_WARN_UNUSED_FUNCTION = YES;
				GCC_WARN_UNUSED_VARIABLE = YES;
				MACOSX_DEPLOYMENT_TARGET = 10.13;
				MTL_ENABLE_DEBUG_INFO = NO;
				SDKROOT = macosx;
				SWIFT_COMPILATION_MODE = wholemodule;
				SWIFT_OPTIMIZATION_LEVEL = "-O";
			};
			name = Release;
		};
		E1C05DE92141841F00A16220 /* Debug */ = {
			isa = XCBuildConfiguration;
			baseConfigurationReference = 3788F80E2FC23DBAE1B45C0F /* Pods-MoveMatic5000.debug.xcconfig */;
			buildSettings = {
				ASSETCATALOG_COMPILER_APPICON_NAME = AppIcon;
				CODE_SIGN_ENTITLEMENTS = MoveMatic5000/MoveMatic5000.entitlements;
				CODE_SIGN_STYLE = Automatic;
				COMBINE_HIDPI_IMAGES = YES;
				INFOPLIST_FILE = MoveMatic5000/Info.plist;
				LD_RUNPATH_SEARCH_PATHS = (
					"$(inherited)",
					"@executable_path/../Frameworks",
				);
				PRODUCT_BUNDLE_IDENTIFIER = com.futureplatforms.MoveMatic5000;
				PRODUCT_NAME = "$(TARGET_NAME)";
				SWIFT_VERSION = 4.0;
			};
			name = Debug;
		};
		E1C05DEA2141841F00A16220 /* Release */ = {
			isa = XCBuildConfiguration;
			baseConfigurationReference = F4E643A28D6FA94C9D474C48 /* Pods-MoveMatic5000.release.xcconfig */;
			buildSettings = {
				ASSETCATALOG_COMPILER_APPICON_NAME = AppIcon;
				CODE_SIGN_ENTITLEMENTS = MoveMatic5000/MoveMatic5000.entitlements;
				CODE_SIGN_STYLE = Automatic;
				COMBINE_HIDPI_IMAGES = YES;
				INFOPLIST_FILE = MoveMatic5000/Info.plist;
				LD_RUNPATH_SEARCH_PATHS = (
					"$(inherited)",
					"@executable_path/../Frameworks",
				);
				PRODUCT_BUNDLE_IDENTIFIER = com.futureplatforms.MoveMatic5000;
				PRODUCT_NAME = "$(TARGET_NAME)";
				SWIFT_VERSION = 4.0;
			};
			name = Release;
		};
/* End XCBuildConfiguration section */

/* Begin XCConfigurationList section */
		E1C05DD32141841D00A16220 /* Build configuration list for PBXProject "MoveMatic5000" */ = {
			isa = XCConfigurationList;
			buildConfigurations = (
				E1C05DE62141841F00A16220 /* Debug */,
				E1C05DE72141841F00A16220 /* Release */,
			);
			defaultConfigurationIsVisible = 0;
			defaultConfigurationName = Release;
		};
		E1C05DE82141841F00A16220 /* Build configuration list for PBXNativeTarget "MoveMatic5000" */ = {
			isa = XCConfigurationList;
			buildConfigurations = (
				E1C05DE92141841F00A16220 /* Debug */,
				E1C05DEA2141841F00A16220 /* Release */,
			);
			defaultConfigurationIsVisible = 0;
			defaultConfigurationName = Release;
		};
/* End XCConfigurationList section */
	};
	rootObject = E1C05DD02141841D00A16220 /* Project object */;
}
